
Microsoft Visual Studio Solution File, Format Version 12.00
Project("{FAE04EC0-301F-11D3-BF4B-00C04F79EFBC}") = "TestingWebAppplicationFactory", "TestingWebAppplicationFactory\TestingWebAppplicationFactory.csproj", "{AE867F5F-CAA5-4CEB-B39F-0544FFAE6EB2}"
EndProject
Project("{FAE04EC0-301F-11D3-BF4B-00C04F79EFBC}") = "Test", "Test\Test.csproj", "{92D8710E-BE2D-4BB4-B4F4-DB6FED0261EF}"
EndProject
Global
	GlobalSection(SolutionConfigurationPlatforms) = preSolution
		Debug|Any CPU = Debug|Any CPU
		Release|Any CPU = Release|Any CPU
	EndGlobalSection
	GlobalSection(ProjectConfigurationPlatforms) = postSolution
		{AE867F5F-CAA5-4CEB-B39F-0544FFAE6EB2}.Debug|Any CPU.ActiveCfg = Debug|Any CPU
		{AE867F5F-CAA5-4CEB-B39F-0544FFAE6EB2}.Debug|Any CPU.Build.0 = Debug|Any CPU
		{AE867F5F-CAA5-4CEB-B39F-0544FFAE6EB2}.Release|Any CPU.ActiveCfg = Release|Any CPU
		{AE867F5F-CAA5-4CEB-B39F-0544FFAE6EB2}.Release|Any CPU.Build.0 = Release|Any CPU
		{92D8710E-BE2D-4BB4-B4F4-DB6FED0261EF}.Debug|Any CPU.ActiveCfg = Debug|Any CPU
		{92D8710E-BE2D-4BB4-B4F4-DB6FED0261EF}.Debug|Any CPU.Build.0 = Debug|Any CPU
		{92D8710E-BE2D-4BB4-B4F4-DB6FED0261EF}.Release|Any CPU.ActiveCfg = Release|Any CPU
		{92D8710E-BE2D-4BB4-B4F4-DB6FED0261EF}.Release|Any CPU.Build.0 = Release|Any CPU
	EndGlobalSection
EndGlobal
